// !$*UTF8*$!
{
	archiveVersion = 1;
	classes = {
	};
	objectVersion = 56;
	objects = {

/* Begin PBXBuildFile section */
		67D284602C27102400879DAC /* test_appApp.swift in Sources */ = {isa = PBXBuildFile; fileRef = 67D2845F2C27102400879DAC /* test_appApp.swift */; };
		67D284622C27102400879DAC /* ContentView.swift in Sources */ = {isa = PBXBuildFile; fileRef = 67D284612C27102400879DAC /* ContentView.swift */; };
		67D284642C27102500879DAC /* Assets.xcassets in Resources */ = {isa = PBXBuildFile; fileRef = 67D284632C27102500879DAC /* Assets.xcassets */; };
		67D284672C27102500879DAC /* Preview Assets.xcassets in Resources */ = {isa = PBXBuildFile; fileRef = 67D284662C27102500879DAC /* Preview Assets.xcassets */; };
		67D284712C27102500879DAC /* test_appTests.swift in Sources */ = {isa = PBXBuildFile; fileRef = 67D284702C27102500879DAC /* test_appTests.swift */; };
		67D2847B2C27102500879DAC /* test_appUITests.swift in Sources */ = {isa = PBXBuildFile; fileRef = 67D2847A2C27102500879DAC /* test_appUITests.swift */; };
		67D2847D2C27102500879DAC /* test_appUITestsLaunchTests.swift in Sources */ = {isa = PBXBuildFile; fileRef = 67D2847C2C27102500879DAC /* test_appUITestsLaunchTests.swift */; };
/* End PBXBuildFile section */

/* Begin PBXContainerItemProxy section */
		67D2846D2C27102500879DAC /* PBXContainerItemProxy */ = {
			isa = PBXContainerItemProxy;
			containerPortal = 67D284542C27102400879DAC /* Project object */;
			proxyType = 1;
			remoteGlobalIDString = 67D2845B2C27102400879DAC;
			remoteInfo = test_app;
		};
		67D284772C27102500879DAC /* PBXContainerItemProxy */ = {
			isa = PBXContainerItemProxy;
			containerPortal = 67D284542C27102400879DAC /* Project object */;
			proxyType = 1;
			remoteGlobalIDString = 67D2845B2C27102400879DAC;
			remoteInfo = test_app;
		};
/* End PBXContainerItemProxy section */

/* Begin PBXFileReference section */
		67D2845C2C27102400879DAC /* test_app.app */ = {isa = PBXFileReference; explicitFileType = wrapper.application; includeInIndex = 0; path = test_app.app; sourceTree = BUILT_PRODUCTS_DIR; };
		67D2845F2C27102400879DAC /* test_appApp.swift */ = {isa = PBXFileReference; lastKnownFileType = sourcecode.swift; path = test_appApp.swift; sourceTree = "<group>"; };
		67D284612C27102400879DAC /* ContentView.swift */ = {isa = PBXFileReference; lastKnownFileType = sourcecode.swift; path = ContentView.swift; sourceTree = "<group>"; };
		67D284632C27102500879DAC /* Assets.xcassets */ = {isa = PBXFileReference; lastKnownFileType = folder.assetcatalog; path = Assets.xcassets; sourceTree = "<group>"; };
		67D284662C27102500879DAC /* Preview Assets.xcassets */ = {isa = PBXFileReference; lastKnownFileType = folder.assetcatalog; path = "Preview Assets.xcassets"; sourceTree = "<group>"; };
		67D2846C2C27102500879DAC /* test_appTests.xctest */ = {isa = PBXFileReference; explicitFileType = wrapper.cfbundle; includeInIndex = 0; path = test_appTests.xctest; sourceTree = BUILT_PRODUCTS_DIR; };
		67D284702C27102500879DAC /* test_appTests.swift */ = {isa = PBXFileReference; lastKnownFileType = sourcecode.swift; path = test_appTests.swift; sourceTree = "<group>"; };
		67D284762C27102500879DAC /* test_appUITests.xctest */ = {isa = PBXFileReference; explicitFileType = wrapper.cfbundle; includeInIndex = 0; path = test_appUITests.xctest; sourceTree = BUILT_PRODUCTS_DIR; };
		67D2847A2C27102500879DAC /* test_appUITests.swift */ = {isa = PBXFileReference; lastKnownFileType = sourcecode.swift; path = test_appUITests.swift; sourceTree = "<group>"; };
		67D2847C2C27102500879DAC /* test_appUITestsLaunchTests.swift */ = {isa = PBXFileReference; lastKnownFileType = sourcecode.swift; path = test_appUITestsLaunchTests.swift; sourceTree = "<group>"; };
/* End PBXFileReference section */

/* Begin PBXFrameworksBuildPhase section */
		67D284592C27102400879DAC /* Frameworks */ = {
			isa = PBXFrameworksBuildPhase;
			buildActionMask = 2147483647;
			files = (
			);
			runOnlyForDeploymentPostprocessing = 0;
		};
		67D284692C27102500879DAC /* Frameworks */ = {
			isa = PBXFrameworksBuildPhase;
			buildActionMask = 2147483647;
			files = (
			);
			runOnlyForDeploymentPostprocessing = 0;
		};
		67D284732C27102500879DAC /* Frameworks */ = {
			isa = PBXFrameworksBuildPhase;
			buildActionMask = 2147483647;
			files = (
			);
			runOnlyForDeploymentPostprocessing = 0;
		};
/* End PBXFrameworksBuildPhase section */

/* Begin PBXGroup section */
		67D284532C27102400879DAC = {
			isa = PBXGroup;
			children = (
				67D2845E2C27102400879DAC /* test_app */,
				67D2846F2C27102500879DAC /* test_appTests */,
				67D284792C27102500879DAC /* test_appUITests */,
				67D2845D2C27102400879DAC /* Products */,
			);
			sourceTree = "<group>";
		};
		67D2845D2C27102400879DAC /* Products */ = {
			isa = PBXGroup;
			children = (
				67D2845C2C27102400879DAC /* test_app.app */,
				67D2846C2C27102500879DAC /* test_appTests.xctest */,
				67D284762C27102500879DAC /* test_appUITests.xctest */,
			);
			name = Products;
			sourceTree = "<group>";
		};
		67D2845E2C27102400879DAC /* test_app */ = {
			isa = PBXGroup;
			children = (
				67D2845F2C27102400879DAC /* test_appApp.swift */,
				67D284612C27102400879DAC /* ContentView.swift */,
				67D284632C27102500879DAC /* Assets.xcassets */,
				67D284652C27102500879DAC /* Preview Content */,
			);
			path = test_app;
			sourceTree = "<group>";
		};
		67D284652C27102500879DAC /* Preview Content */ = {
			isa = PBXGroup;
			children = (
				67D284662C27102500879DAC /* Preview Assets.xcassets */,
			);
			path = "Preview Content";
			sourceTree = "<group>";
		};
		67D2846F2C27102500879DAC /* test_appTests */ = {
			isa = PBXGroup;
			children = (
				67D284702C27102500879DAC /* test_appTests.swift */,
			);
			path = test_appTests;
			sourceTree = "<group>";
		};
		67D284792C27102500879DAC /* test_appUITests */ = {
			isa = PBXGroup;
			children = (
				67D2847A2C27102500879DAC /* test_appUITests.swift */,
				67D2847C2C27102500879DAC /* test_appUITestsLaunchTests.swift */,
			);
			path = test_appUITests;
			sourceTree = "<group>";
		};
/* End PBXGroup section */

/* Begin PBXNativeTarget section */
		67D2845B2C27102400879DAC /* test_app */ = {
			isa = PBXNativeTarget;
			buildConfigurationList = 67D284802C27102500879DAC /* Build configuration list for PBXNativeTarget "test_app" */;
			buildPhases = (
				67D284582C27102400879DAC /* Sources */,
				67D284592C27102400879DAC /* Frameworks */,
				67D2845A2C27102400879DAC /* Resources */,
			);
			buildRules = (
			);
			dependencies = (
			);
			name = test_app;
			productName = test_app;
			productReference = 67D2845C2C27102400879DAC /* test_app.app */;
			productType = "com.apple.product-type.application";
		};
		67D2846B2C27102500879DAC /* test_appTests */ = {
			isa = PBXNativeTarget;
			buildConfigurationList = 67D284832C27102500879DAC /* Build configuration list for PBXNativeTarget "test_appTests" */;
			buildPhases = (
				67D284682C27102500879DAC /* Sources */,
				67D284692C27102500879DAC /* Frameworks */,
				67D2846A2C27102500879DAC /* Resources */,
			);
			buildRules = (
			);
			dependencies = (
				67D2846E2C27102500879DAC /* PBXTargetDependency */,
			);
			name = test_appTests;
			productName = test_appTests;
			productReference = 67D2846C2C27102500879DAC /* test_appTests.xctest */;
			productType = "com.apple.product-type.bundle.unit-test";
		};
		67D284752C27102500879DAC /* test_appUITests */ = {
			isa = PBXNativeTarget;
			buildConfigurationList = 67D284862C27102500879DAC /* Build configuration list for PBXNativeTarget "test_appUITests" */;
			buildPhases = (
				67D284722C27102500879DAC /* Sources */,
				67D284732C27102500879DAC /* Frameworks */,
				67D284742C27102500879DAC /* Resources */,
			);
			buildRules = (
			);
			dependencies = (
				67D284782C27102500879DAC /* PBXTargetDependency */,
			);
			name = test_appUITests;
			productName = test_appUITests;
			productReference = 67D284762C27102500879DAC /* test_appUITests.xctest */;
			productType = "com.apple.product-type.bundle.ui-testing";
		};
/* End PBXNativeTarget section */

/* Begin PBXProject section */
		67D284542C27102400879DAC /* Project object */ = {
			isa = PBXProject;
			attributes = {
				BuildIndependentTargetsInParallel = 1;
				LastSwiftUpdateCheck = 1430;
				LastUpgradeCheck = 1430;
				TargetAttributes = {
					67D2845B2C27102400879DAC = {
						CreatedOnToolsVersion = 14.3;
					};
					67D2846B2C27102500879DAC = {
						CreatedOnToolsVersion = 14.3;
						TestTargetID = 67D2845B2C27102400879DAC;
					};
					67D284752C27102500879DAC = {
						CreatedOnToolsVersion = 14.3;
						TestTargetID = 67D2845B2C27102400879DAC;
					};
				};
			};
			buildConfigurationList = 67D284572C27102400879DAC /* Build configuration list for PBXProject "test_app" */;
			compatibilityVersion = "Xcode 14.0";
			developmentRegion = en;
			hasScannedForEncodings = 0;
			knownRegions = (
				en,
				Base,
			);
			mainGroup = 67D284532C27102400879DAC;
			productRefGroup = 67D2845D2C27102400879DAC /* Products */;
			projectDirPath = "";
			projectRoot = "";
			targets = (
				67D2845B2C27102400879DAC /* test_app */,
				67D2846B2C27102500879DAC /* test_appTests */,
				67D284752C27102500879DAC /* test_appUITests */,
			);
		};
/* End PBXProject section */

/* Begin PBXResourcesBuildPhase section */
		67D2845A2C27102400879DAC /* Resources */ = {
			isa = PBXResourcesBuildPhase;
			buildActionMask = 2147483647;
			files = (
				67D284672C27102500879DAC /* Preview Assets.xcassets in Resources */,
				67D284642C27102500879DAC /* Assets.xcassets in Resources */,
			);
			runOnlyForDeploymentPostprocessing = 0;
		};
		67D2846A2C27102500879DAC /* Resources */ = {
			isa = PBXResourcesBuildPhase;
			buildActionMask = 2147483647;
			files = (
			);
			runOnlyForDeploymentPostprocessing = 0;
		};
		67D284742C27102500879DAC /* Resources */ = {
			isa = PBXResourcesBuildPhase;
			buildActionMask = 2147483647;
			files = (
			);
			runOnlyForDeploymentPostprocessing = 0;
		};
/* End PBXResourcesBuildPhase section */

/* Begin PBXSourcesBuildPhase section */
		67D284582C27102400879DAC /* Sources */ = {
			isa = PBXSourcesBuildPhase;
			buildActionMask = 2147483647;
			files = (
				67D284622C27102400879DAC /* ContentView.swift in Sources */,
				67D284602C27102400879DAC /* test_appApp.swift in Sources */,
			);
			runOnlyForDeploymentPostprocessing = 0;
		};
		67D284682C27102500879DAC /* Sources */ = {
			isa = PBXSourcesBuildPhase;
			buildActionMask = 2147483647;
			files = (
				67D284712C27102500879DAC /* test_appTests.swift in Sources */,
			);
			runOnlyForDeploymentPostprocessing = 0;
		};
		67D284722C27102500879DAC /* Sources */ = {
			isa = PBXSourcesBuildPhase;
			buildActionMask = 2147483647;
			files = (
				67D2847D2C27102500879DAC /* test_appUITestsLaunchTests.swift in Sources */,
				67D2847B2C27102500879DAC /* test_appUITests.swift in Sources */,
			);
			runOnlyForDeploymentPostprocessing = 0;
		};
/* End PBXSourcesBuildPhase section */

/* Begin PBXTargetDependency section */
		67D2846E2C27102500879DAC /* PBXTargetDependency */ = {
			isa = PBXTargetDependency;
			target = 67D2845B2C27102400879DAC /* test_app */;
			targetProxy = 67D2846D2C27102500879DAC /* PBXContainerItemProxy */;
		};
		67D284782C27102500879DAC /* PBXTargetDependency */ = {
			isa = PBXTargetDependency;
			target = 67D2845B2C27102400879DAC /* test_app */;
			targetProxy = 67D284772C27102500879DAC /* PBXContainerItemProxy */;
		};
/* End PBXTargetDependency section */

/* Begin XCBuildConfiguration section */
		67D2847E2C27102500879DAC /* Debug */ = {
			isa = XCBuildConfiguration;
			buildSettings = {
				ALWAYS_SEARCH_USER_PATHS = NO;
				CLANG_ANALYZER_NONNULL = YES;
				CLANG_ANALYZER_NUMBER_OBJECT_CONVERSION = YES_AGGRESSIVE;
				CLANG_CXX_LANGUAGE_STANDARD = "gnu++20";
				CLANG_ENABLE_MODULES = YES;
				CLANG_ENABLE_OBJC_ARC = YES;
				CLANG_ENABLE_OBJC_WEAK = YES;
				CLANG_WARN_BLOCK_CAPTURE_AUTORELEASING = YES;
				CLANG_WARN_BOOL_CONVERSION = YES;
				CLANG_WARN_COMMA = YES;
				CLANG_WARN_CONSTANT_CONVERSION = YES;
				CLANG_WARN_DEPRECATED_OBJC_IMPLEMENTATIONS = YES;
				CLANG_WARN_DIRECT_OBJC_ISA_USAGE = YES_ERROR;
				CLANG_WARN_DOCUMENTATION_COMMENTS = YES;
				CLANG_WARN_EMPTY_BODY = YES;
				CLANG_WARN_ENUM_CONVERSION = YES;
				CLANG_WARN_INFINITE_RECURSION = YES;
				CLANG_WARN_INT_CONVERSION = YES;
				CLANG_WARN_NON_LITERAL_NULL_CONVERSION = YES;
				CLANG_WARN_OBJC_IMPLICIT_RETAIN_SELF = YES;
				CLANG_WARN_OBJC_LITERAL_CONVERSION = YES;
				CLANG_WARN_OBJC_ROOT_CLASS = YES_ERROR;
				CLANG_WARN_QUOTED_INCLUDE_IN_FRAMEWORK_HEADER = YES;
				CLANG_WARN_RANGE_LOOP_ANALYSIS = YES;
				CLANG_WARN_STRICT_PROTOTYPES = YES;
				CLANG_WARN_SUSPICIOUS_MOVE = YES;
				CLANG_WARN_UNGUARDED_AVAILABILITY = YES_AGGRESSIVE;
				CLANG_WARN_UNREACHABLE_CODE = YES;
				CLANG_WARN__DUPLICATE_METHOD_MATCH = YES;
				COPY_PHASE_STRIP = NO;
				DEBUG_INFORMATION_FORMAT = dwarf;
				ENABLE_STRICT_OBJC_MSGSEND = YES;
				ENABLE_TESTABILITY = YES;
				GCC_C_LANGUAGE_STANDARD = gnu11;
				GCC_DYNAMIC_NO_PIC = NO;
				GCC_NO_COMMON_BLOCKS = YES;
				GCC_OPTIMIZATION_LEVEL = 0;
				GCC_PREPROCESSOR_DEFINITIONS = (
					"DEBUG=1",
					"$(inherited)",
				);
				GCC_WARN_64_TO_32_BIT_CONVERSION = YES;
				GCC_WARN_ABOUT_RETURN_TYPE = YES_ERROR;
				GCC_WARN_UNDECLARED_SELECTOR = YES;
				GCC_WARN_UNINITIALIZED_AUTOS = YES_AGGRESSIVE;
				GCC_WARN_UNUSED_FUNCTION = YES;
				GCC_WARN_UNUSED_VARIABLE = YES;
				IPHONEOS_DEPLOYMENT_TARGET = 16.4;
				MTL_ENABLE_DEBUG_INFO = INCLUDE_SOURCE;
				MTL_FAST_MATH = YES;
				ONLY_ACTIVE_ARCH = YES;
				SDKROOT = iphoneos;
				SWIFT_ACTIVE_COMPILATION_CONDITIONS = DEBUG;
				SWIFT_OPTIMIZATION_LEVEL = "-Onone";
			};
			name = Debug;
		};
		67D2847F2C27102500879DAC /* Release */ = {
			isa = XCBuildConfiguration;
			buildSettings = {
				ALWAYS_SEARCH_USER_PATHS = NO;
				CLANG_ANALYZER_NONNULL = YES;
				CLANG_ANALYZER_NUMBER_OBJECT_CONVERSION = YES_AGGRESSIVE;
				CLANG_CXX_LANGUAGE_STANDARD = "gnu++20";
				CLANG_ENABLE_MODULES = YES;
				CLANG_ENABLE_OBJC_ARC = YES;
				CLANG_ENABLE_OBJC_WEAK = YES;
				CLANG_WARN_BLOCK_CAPTURE_AUTORELEASING = YES;
				CLANG_WARN_BOOL_CONVERSION = YES;
				CLANG_WARN_COMMA = YES;
				CLANG_WARN_CONSTANT_CONVERSION = YES;
				CLANG_WARN_DEPRECATED_OBJC_IMPLEMENTATIONS = YES;
				CLANG_WARN_DIRECT_OBJC_ISA_USAGE = YES_ERROR;
				CLANG_WARN_DOCUMENTATION_COMMENTS = YES;
				CLANG_WARN_EMPTY_BODY = YES;
				CLANG_WARN_ENUM_CONVERSION = YES;
				CLANG_WARN_INFINITE_RECURSION = YES;
				CLANG_WARN_INT_CONVERSION = YES;
				CLANG_WARN_NON_LITERAL_NULL_CONVERSION = YES;
				CLANG_WARN_OBJC_IMPLICIT_RETAIN_SELF = YES;
				CLANG_WARN_OBJC_LITERAL_CONVERSION = YES;
				CLANG_WARN_OBJC_ROOT_CLASS = YES_ERROR;
				CLANG_WARN_QUOTED_INCLUDE_IN_FRAMEWORK_HEADER = YES;
				CLANG_WARN_RANGE_LOOP_ANALYSIS = YES;
				CLANG_WARN_STRICT_PROTOTYPES = YES;
				CLANG_WARN_SUSPICIOUS_MOVE = YES;
				CLANG_WARN_UNGUARDED_AVAILABILITY = YES_AGGRESSIVE;
				CLANG_WARN_UNREACHABLE_CODE = YES;
				CLANG_WARN__DUPLICATE_METHOD_MATCH = YES;
				COPY_PHASE_STRIP = NO;
				DEBUG_INFORMATION_FORMAT = "dwarf-with-dsym";
				ENABLE_NS_ASSERTIONS = NO;
				ENABLE_STRICT_OBJC_MSGSEND = YES;
				GCC_C_LANGUAGE_STANDARD = gnu11;
				GCC_NO_COMMON_BLOCKS = YES;
				GCC_WARN_64_TO_32_BIT_CONVERSION = YES;
				GCC_WARN_ABOUT_RETURN_TYPE = YES_ERROR;
				GCC_WARN_UNDECLARED_SELECTOR = YES;
				GCC_WARN_UNINITIALIZED_AUTOS = YES_AGGRESSIVE;
				GCC_WARN_UNUSED_FUNCTION = YES;
				GCC_WARN_UNUSED_VARIABLE = YES;
				IPHONEOS_DEPLOYMENT_TARGET = 16.4;
				MTL_ENABLE_DEBUG_INFO = NO;
				MTL_FAST_MATH = YES;
				SDKROOT = iphoneos;
				SWIFT_COMPILATION_MODE = wholemodule;
				SWIFT_OPTIMIZATION_LEVEL = "-O";
				VALIDATE_PRODUCT = YES;
			};
			name = Release;
		};
		67D284812C27102500879DAC /* Debug */ = {
			isa = XCBuildConfiguration;
			buildSettings = {
				ASSETCATALOG_COMPILER_APPICON_NAME = AppIcon;
				ASSETCATALOG_COMPILER_GLOBAL_ACCENT_COLOR_NAME = AccentColor;
				CODE_SIGN_STYLE = Automatic;
				CURRENT_PROJECT_VERSION = 1;
				DEVELOPMENT_ASSET_PATHS = "\"test_app/Preview Content\"";
				DEVELOPMENT_TEAM = 5M8N37C8HX;
				ENABLE_PREVIEWS = YES;
				GENERATE_INFOPLIST_FILE = YES;
				INFOPLIST_KEY_UIApplicationSceneManifest_Generation = YES;
				INFOPLIST_KEY_UIApplicationSupportsIndirectInputEvents = YES;
				INFOPLIST_KEY_UILaunchScreen_Generation = YES;
				INFOPLIST_KEY_UISupportedInterfaceOrientations_iPad = "UIInterfaceOrientationPortrait UIInterfaceOrientationPortraitUpsideDown UIInterfaceOrientationLandscapeLeft UIInterfaceOrientationLandscapeRight";
				INFOPLIST_KEY_UISupportedInterfaceOrientations_iPhone = "UIInterfaceOrientationPortrait UIInterfaceOrientationLandscapeLeft UIInterfaceOrientationLandscapeRight";
				LD_RUNPATH_SEARCH_PATHS = (
					"$(inherited)",
					"@executable_path/Frameworks",
				);
				MARKETING_VERSION = 1.0;
				PRODUCT_BUNDLE_IDENTIFIER = "tung.test-app";
				PRODUCT_NAME = "$(TARGET_NAME)";
				SWIFT_EMIT_LOC_STRINGS = YES;
				SWIFT_VERSION = 5.0;
				TARGETED_DEVICE_FAMILY = "1,2";
			};
			name = Debug;
		};
		67D284822C27102500879DAC /* Release */ = {
			isa = XCBuildConfiguration;
			buildSettings = {
				ASSETCATALOG_COMPILER_APPICON_NAME = AppIcon;
				ASSETCATALOG_COMPILER_GLOBAL_ACCENT_COLOR_NAME = AccentColor;
				CODE_SIGN_STYLE = Automatic;
				CURRENT_PROJECT_VERSION = 1;
				DEVELOPMENT_ASSET_PATHS = "\"test_app/Preview Content\"";
				DEVELOPMENT_TEAM = 5M8N37C8HX;
				ENABLE_PREVIEWS = YES;
				GENERATE_INFOPLIST_FILE = YES;
				INFOPLIST_KEY_UIApplicationSceneManifest_Generation = YES;
				INFOPLIST_KEY_UIApplicationSupportsIndirectInputEvents = YES;
				INFOPLIST_KEY_UILaunchScreen_Generation = YES;
				INFOPLIST_KEY_UISupportedInterfaceOrientations_iPad = "UIInterfaceOrientationPortrait UIInterfaceOrientationPortraitUpsideDown UIInterfaceOrientationLandscapeLeft UIInterfaceOrientationLandscapeRight";
				INFOPLIST_KEY_UISupportedInterfaceOrientations_iPhone = "UIInterfaceOrientationPortrait UIInterfaceOrientationLandscapeLeft UIInterfaceOrientationLandscapeRight";
				LD_RUNPATH_SEARCH_PATHS = (
					"$(inherited)",
					"@executable_path/Frameworks",
				);
				MARKETING_VERSION = 1.0;
				PRODUCT_BUNDLE_IDENTIFIER = "tung.test-app";
				PRODUCT_NAME = "$(TARGET_NAME)";
				SWIFT_EMIT_LOC_STRINGS = YES;
				SWIFT_VERSION = 5.0;
				TARGETED_DEVICE_FAMILY = "1,2";
			};
			name = Release;
		};
		67D284842C27102500879DAC /* Debug */ = {
			isa = XCBuildConfiguration;
			buildSettings = {
				ALWAYS_EMBED_SWIFT_STANDARD_LIBRARIES = YES;
				BUNDLE_LOADER = "$(TEST_HOST)";
				CODE_SIGN_STYLE = Automatic;
				CURRENT_PROJECT_VERSION = 1;
				DEVELOPMENT_TEAM = 5M8N37C8HX;
				GENERATE_INFOPLIST_FILE = YES;
				IPHONEOS_DEPLOYMENT_TARGET = 16.4;
				MARKETING_VERSION = 1.0;
				PRODUCT_BUNDLE_IDENTIFIER = "tung.test-appTests";
				PRODUCT_NAME = "$(TARGET_NAME)";
				SWIFT_EMIT_LOC_STRINGS = NO;
				SWIFT_VERSION = 5.0;
				TARGETED_DEVICE_FAMILY = "1,2";
				TEST_HOST = "$(BUILT_PRODUCTS_DIR)/test_app.app/$(BUNDLE_EXECUTABLE_FOLDER_PATH)/test_app";
			};
			name = Debug;
		};
		67D284852C27102500879DAC /* Release */ = {
			isa = XCBuildConfiguration;
			buildSettings = {
				ALWAYS_EMBED_SWIFT_STANDARD_LIBRARIES = YES;
				BUNDLE_LOADER = "$(TEST_HOST)";
				CODE_SIGN_STYLE = Automatic;
				CURRENT_PROJECT_VERSION = 1;
				DEVELOPMENT_TEAM = 5M8N37C8HX;
				GENERATE_INFOPLIST_FILE = YES;
				IPHONEOS_DEPLOYMENT_TARGET = 16.4;
				MARKETING_VERSION = 1.0;
				PRODUCT_BUNDLE_IDENTIFIER = "tung.test-appTests";
				PRODUCT_NAME = "$(TARGET_NAME)";
				SWIFT_EMIT_LOC_STRINGS = NO;
				SWIFT_VERSION = 5.0;
				TARGETED_DEVICE_FAMILY = "1,2";
				TEST_HOST = "$(BUILT_PRODUCTS_DIR)/test_app.app/$(BUNDLE_EXECUTABLE_FOLDER_PATH)/test_app";
			};
			name = Release;
		};
		67D284872C27102500879DAC /* Debug */ = {
			isa = XCBuildConfiguration;
			buildSettings = {
				ALWAYS_EMBED_SWIFT_STANDARD_LIBRARIES = YES;
				CODE_SIGN_STYLE = Automatic;
				CURRENT_PROJECT_VERSION = 1;
				DEVELOPMENT_TEAM = 5M8N37C8HX;
				GENERATE_INFOPLIST_FILE = YES;
				MARKETING_VERSION = 1.0;
				PRODUCT_BUNDLE_IDENTIFIER = "tung.test-appUITests";
				PRODUCT_NAME = "$(TARGET_NAME)";
				SWIFT_EMIT_LOC_STRINGS = NO;
				SWIFT_VERSION = 5.0;
				TARGETED_DEVICE_FAMILY = "1,2";
				TEST_TARGET_NAME = test_app;
			};
			name = Debug;
		};
		67D284882C27102500879DAC /* Release */ = {
			isa = XCBuildConfiguration;
			buildSettings = {
				ALWAYS_EMBED_SWIFT_STANDARD_LIBRARIES = YES;
				CODE_SIGN_STYLE = Automatic;
				CURRENT_PROJECT_VERSION = 1;
				DEVELOPMENT_TEAM = 5M8N37C8HX;
				GENERATE_INFOPLIST_FILE = YES;
				MARKETING_VERSION = 1.0;
				PRODUCT_BUNDLE_IDENTIFIER = "tung.test-appUITests";
				PRODUCT_NAME = "$(TARGET_NAME)";
				SWIFT_EMIT_LOC_STRINGS = NO;
				SWIFT_VERSION = 5.0;
				TARGETED_DEVICE_FAMILY = "1,2";
				TEST_TARGET_NAME = test_app;
			};
			name = Release;
		};
/* End XCBuildConfiguration section */

/* Begin XCConfigurationList section */
		67D284572C27102400879DAC /* Build configuration list for PBXProject "test_app" */ = {
			isa = XCConfigurationList;
			buildConfigurations = (
				67D2847E2C27102500879DAC /* Debug */,
				67D2847F2C27102500879DAC /* Release */,
			);
			defaultConfigurationIsVisible = 0;
			defaultConfigurationName = Release;
		};
		67D284802C27102500879DAC /* Build configuration list for PBXNativeTarget "test_app" */ = {
			isa = XCConfigurationList;
			buildConfigurations = (
				67D284812C27102500879DAC /* Debug */,
				67D284822C27102500879DAC /* Release */,
			);
			defaultConfigurationIsVisible = 0;
			defaultConfigurationName = Release;
		};
		67D284832C27102500879DAC /* Build configuration list for PBXNativeTarget "test_appTests" */ = {
			isa = XCConfigurationList;
			buildConfigurations = (
				67D284842C27102500879DAC /* Debug */,
				67D284852C27102500879DAC /* Release */,
			);
			defaultConfigurationIsVisible = 0;
			defaultConfigurationName = Release;
		};
		67D284862C27102500879DAC /* Build configuration list for PBXNativeTarget "test_appUITests" */ = {
			isa = XCConfigurationList;
			buildConfigurations = (
				67D284872C27102500879DAC /* Debug */,
				67D284882C27102500879DAC /* Release */,
			);
			defaultConfigurationIsVisible = 0;
			defaultConfigurationName = Release;
		};
/* End XCConfigurationList section */
	};
	rootObject = 67D284542C27102400879DAC /* Project object */;
}
